// !$*UTF8*$!
{
	archiveVersion = 1;
	classes = {
	};
	objectVersion = 56;
	objects = {

/* Begin PBXBuildFile section */
		F99715672A0DB0500058658D /* ChatLogView.swift in Sources */ = {isa = PBXBuildFile; fileRef = F99715662A0DB0500058658D /* ChatLogView.swift */; };
		F99715692A0E68580058658D /* MessagesView.swift in Sources */ = {isa = PBXBuildFile; fileRef = F99715682A0E68580058658D /* MessagesView.swift */; };
		F997156B2A0E68B80058658D /* ChatBottomBarView.swift in Sources */ = {isa = PBXBuildFile; fileRef = F997156A2A0E68B80058658D /* ChatBottomBarView.swift */; };
		F997156F2A0E6DAF0058658D /* ChatLogViewModel.swift in Sources */ = {isa = PBXBuildFile; fileRef = F997156E2A0E6DAF0058658D /* ChatLogViewModel.swift */; };
		F9C44BA02A021BA400237158 /* DashboardView.swift in Sources */ = {isa = PBXBuildFile; fileRef = F9C44B9F2A021BA400237158 /* DashboardView.swift */; };
		F9C44BA22A021C8700237158 /* ScreenDispatcherView.swift in Sources */ = {isa = PBXBuildFile; fileRef = F9C44BA12A021C8600237158 /* ScreenDispatcherView.swift */; };
		F9C44BD82A04836600237158 /* ImagePicker.swift in Sources */ = {isa = PBXBuildFile; fileRef = F9C44BD72A04836600237158 /* ImagePicker.swift */; };
		F9C44BDB2A0541BD00237158 /* FirebaseManager.swift in Sources */ = {isa = PBXBuildFile; fileRef = F9C44BDA2A0541BD00237158 /* FirebaseManager.swift */; };
		F9C44BED2A05B11700237158 /* MainMessagesView.swift in Sources */ = {isa = PBXBuildFile; fileRef = F9C44BEC2A05B11700237158 /* MainMessagesView.swift */; };
		F9C44BEF2A0719D700237158 /* MainMessageViewModel.swift in Sources */ = {isa = PBXBuildFile; fileRef = F9C44BEE2A0719D700237158 /* MainMessageViewModel.swift */; };
		F9C44BF32A0AD5C400237158 /* ChatUser.swift in Sources */ = {isa = PBXBuildFile; fileRef = F9C44BF22A0AD5C400237158 /* ChatUser.swift */; };
		F9C44BF52A0C447E00237158 /* CreateNewMessageView.swift in Sources */ = {isa = PBXBuildFile; fileRef = F9C44BF42A0C447E00237158 /* CreateNewMessageView.swift */; };
		F9C44BF72A0C4EFF00237158 /* CreateNewMessageViewModel.swift in Sources */ = {isa = PBXBuildFile; fileRef = F9C44BF62A0C4EFF00237158 /* CreateNewMessageViewModel.swift */; };
		F9E49B3C2A01BE330052001C /* ExclusiveChatApp.swift in Sources */ = {isa = PBXBuildFile; fileRef = F9E49B3B2A01BE330052001C /* ExclusiveChatApp.swift */; };
		F9E49B3E2A01BE330052001C /* LoginView.swift in Sources */ = {isa = PBXBuildFile; fileRef = F9E49B3D2A01BE330052001C /* LoginView.swift */; };
		F9E49B402A01BE350052001C /* Assets.xcassets in Resources */ = {isa = PBXBuildFile; fileRef = F9E49B3F2A01BE350052001C /* Assets.xcassets */; };
		F9E49B432A01BE350052001C /* Preview Assets.xcassets in Resources */ = {isa = PBXBuildFile; fileRef = F9E49B422A01BE350052001C /* Preview Assets.xcassets */; };
		F9E49B572A01D54B0052001C /* UserAuth.swift in Sources */ = {isa = PBXBuildFile; fileRef = F9E49B562A01D54B0052001C /* UserAuth.swift */; };
		F9E49B632A01E97A0052001C /* LoginViewModel.swift in Sources */ = {isa = PBXBuildFile; fileRef = F9E49B622A01E97A0052001C /* LoginViewModel.swift */; };
		F9E49B652A01EB6B0052001C /* GoogleService-Info.plist in Resources */ = {isa = PBXBuildFile; fileRef = F9E49B642A01EB6B0052001C /* GoogleService-Info.plist */; };
		F9F7E5482A143A62006C9C73 /* FirebaseAnalytics in Frameworks */ = {isa = PBXBuildFile; productRef = F9F7E5472A143A62006C9C73 /* FirebaseAnalytics */; };
		F9F7E54A2A143A62006C9C73 /* FirebaseAnalyticsWithoutAdIdSupport in Frameworks */ = {isa = PBXBuildFile; productRef = F9F7E5492A143A62006C9C73 /* FirebaseAnalyticsWithoutAdIdSupport */; };
		F9F7E54C2A143A62006C9C73 /* FirebaseAuth in Frameworks */ = {isa = PBXBuildFile; productRef = F9F7E54B2A143A62006C9C73 /* FirebaseAuth */; };
		F9F7E54E2A143A62006C9C73 /* FirebaseFirestore in Frameworks */ = {isa = PBXBuildFile; productRef = F9F7E54D2A143A62006C9C73 /* FirebaseFirestore */; };
		F9F7E5502A143A62006C9C73 /* FirebaseFirestoreSwift in Frameworks */ = {isa = PBXBuildFile; productRef = F9F7E54F2A143A62006C9C73 /* FirebaseFirestoreSwift */; };
		F9F7E5522A143A62006C9C73 /* FirebaseStorage in Frameworks */ = {isa = PBXBuildFile; productRef = F9F7E5512A143A62006C9C73 /* FirebaseStorage */; };
/* End PBXBuildFile section */

/* Begin PBXFileReference section */
		F99715662A0DB0500058658D /* ChatLogView.swift */ = {isa = PBXFileReference; lastKnownFileType = sourcecode.swift; path = ChatLogView.swift; sourceTree = "<group>"; };
		F99715682A0E68580058658D /* MessagesView.swift */ = {isa = PBXFileReference; lastKnownFileType = sourcecode.swift; path = MessagesView.swift; sourceTree = "<group>"; };
		F997156A2A0E68B80058658D /* ChatBottomBarView.swift */ = {isa = PBXFileReference; lastKnownFileType = sourcecode.swift; path = ChatBottomBarView.swift; sourceTree = "<group>"; };
		F997156E2A0E6DAF0058658D /* ChatLogViewModel.swift */ = {isa = PBXFileReference; lastKnownFileType = sourcecode.swift; path = ChatLogViewModel.swift; sourceTree = "<group>"; };
		F9C44B9F2A021BA400237158 /* DashboardView.swift */ = {isa = PBXFileReference; lastKnownFileType = sourcecode.swift; path = DashboardView.swift; sourceTree = "<group>"; };
		F9C44BA12A021C8600237158 /* ScreenDispatcherView.swift */ = {isa = PBXFileReference; lastKnownFileType = sourcecode.swift; path = ScreenDispatcherView.swift; sourceTree = "<group>"; };
		F9C44BD72A04836600237158 /* ImagePicker.swift */ = {isa = PBXFileReference; lastKnownFileType = sourcecode.swift; path = ImagePicker.swift; sourceTree = "<group>"; };
		F9C44BDA2A0541BD00237158 /* FirebaseManager.swift */ = {isa = PBXFileReference; lastKnownFileType = sourcecode.swift; path = FirebaseManager.swift; sourceTree = "<group>"; };
		F9C44BEC2A05B11700237158 /* MainMessagesView.swift */ = {isa = PBXFileReference; lastKnownFileType = sourcecode.swift; path = MainMessagesView.swift; sourceTree = "<group>"; };
		F9C44BEE2A0719D700237158 /* MainMessageViewModel.swift */ = {isa = PBXFileReference; lastKnownFileType = sourcecode.swift; path = MainMessageViewModel.swift; sourceTree = "<group>"; };
		F9C44BF22A0AD5C400237158 /* ChatUser.swift */ = {isa = PBXFileReference; lastKnownFileType = sourcecode.swift; path = ChatUser.swift; sourceTree = "<group>"; };
		F9C44BF42A0C447E00237158 /* CreateNewMessageView.swift */ = {isa = PBXFileReference; lastKnownFileType = sourcecode.swift; path = CreateNewMessageView.swift; sourceTree = "<group>"; };
		F9C44BF62A0C4EFF00237158 /* CreateNewMessageViewModel.swift */ = {isa = PBXFileReference; lastKnownFileType = sourcecode.swift; path = CreateNewMessageViewModel.swift; sourceTree = "<group>"; };
		F9E49B382A01BE330052001C /* ExclusiveChat.app */ = {isa = PBXFileReference; explicitFileType = wrapper.application; includeInIndex = 0; path = ExclusiveChat.app; sourceTree = BUILT_PRODUCTS_DIR; };
		F9E49B3B2A01BE330052001C /* ExclusiveChatApp.swift */ = {isa = PBXFileReference; lastKnownFileType = sourcecode.swift; path = ExclusiveChatApp.swift; sourceTree = "<group>"; };
		F9E49B3D2A01BE330052001C /* LoginView.swift */ = {isa = PBXFileReference; lastKnownFileType = sourcecode.swift; path = LoginView.swift; sourceTree = "<group>"; };
		F9E49B3F2A01BE350052001C /* Assets.xcassets */ = {isa = PBXFileReference; lastKnownFileType = folder.assetcatalog; path = Assets.xcassets; sourceTree = "<group>"; };
		F9E49B422A01BE350052001C /* Preview Assets.xcassets */ = {isa = PBXFileReference; lastKnownFileType = folder.assetcatalog; path = "Preview Assets.xcassets"; sourceTree = "<group>"; };
		F9E49B562A01D54B0052001C /* UserAuth.swift */ = {isa = PBXFileReference; fileEncoding = 4; lastKnownFileType = sourcecode.swift; path = UserAuth.swift; sourceTree = "<group>"; };
		F9E49B5A2A01DE580052001C /* ExclusiveChat.entitlements */ = {isa = PBXFileReference; lastKnownFileType = text.plist.entitlements; path = ExclusiveChat.entitlements; sourceTree = "<group>"; };
		F9E49B612A01E25D0052001C /* Info.plist */ = {isa = PBXFileReference; lastKnownFileType = text.plist; path = Info.plist; sourceTree = "<group>"; };
		F9E49B622A01E97A0052001C /* LoginViewModel.swift */ = {isa = PBXFileReference; lastKnownFileType = sourcecode.swift; path = LoginViewModel.swift; sourceTree = "<group>"; };
		F9E49B642A01EB6B0052001C /* GoogleService-Info.plist */ = {isa = PBXFileReference; fileEncoding = 4; lastKnownFileType = text.plist.xml; path = "GoogleService-Info.plist"; sourceTree = "<group>"; };
/* End PBXFileReference section */

/* Begin PBXFrameworksBuildPhase section */
		F9E49B352A01BE330052001C /* Frameworks */ = {
			isa = PBXFrameworksBuildPhase;
			buildActionMask = 2147483647;
			files = (
				F9F7E5502A143A62006C9C73 /* FirebaseFirestoreSwift in Frameworks */,
				F9F7E5482A143A62006C9C73 /* FirebaseAnalytics in Frameworks */,
				F9F7E54E2A143A62006C9C73 /* FirebaseFirestore in Frameworks */,
				F9F7E54C2A143A62006C9C73 /* FirebaseAuth in Frameworks */,
				F9F7E54A2A143A62006C9C73 /* FirebaseAnalyticsWithoutAdIdSupport in Frameworks */,
				F9F7E5522A143A62006C9C73 /* FirebaseStorage in Frameworks */,
			);
			runOnlyForDeploymentPostprocessing = 0;
		};
/* End PBXFrameworksBuildPhase section */

/* Begin PBXGroup section */
		F997156C2A0E6D420058658D /* Chat */ = {
			isa = PBXGroup;
			children = (
				F99715662A0DB0500058658D /* ChatLogView.swift */,
				F997156A2A0E68B80058658D /* ChatBottomBarView.swift */,
				F99715682A0E68580058658D /* MessagesView.swift */,
			);
			path = Chat;
			sourceTree = "<group>";
		};
		F997156D2A0E6D660058658D /* MainViews */ = {
			isa = PBXGroup;
			children = (
				F9E49B3D2A01BE330052001C /* LoginView.swift */,
				F9C44BA12A021C8600237158 /* ScreenDispatcherView.swift */,
				F9C44BEC2A05B11700237158 /* MainMessagesView.swift */,
				F9C44BF42A0C447E00237158 /* CreateNewMessageView.swift */,
			);
			path = MainViews;
			sourceTree = "<group>";
		};
		F9C44B9E2A021B5400237158 /* Views */ = {
			isa = PBXGroup;
			children = (
				F997156D2A0E6D660058658D /* MainViews */,
				F997156C2A0E6D420058658D /* Chat */,
				F9C44B9F2A021BA400237158 /* DashboardView.swift */,
			);
			path = Views;
			sourceTree = "<group>";
		};
		F9C44BD92A04837600237158 /* Helpers */ = {
			isa = PBXGroup;
			children = (
				F9C44BDA2A0541BD00237158 /* FirebaseManager.swift */,
				F9C44BD72A04836600237158 /* ImagePicker.swift */,
			);
			path = Helpers;
			sourceTree = "<group>";
		};
		F9E49B2F2A01BE330052001C = {
			isa = PBXGroup;
			children = (
				F9E49B3A2A01BE330052001C /* ExclusiveChat */,
				F9E49B392A01BE330052001C /* Products */,
			);
			sourceTree = "<group>";
		};
		F9E49B392A01BE330052001C /* Products */ = {
			isa = PBXGroup;
			children = (
				F9E49B382A01BE330052001C /* ExclusiveChat.app */,
			);
			name = Products;
			sourceTree = "<group>";
		};
		F9E49B3A2A01BE330052001C /* ExclusiveChat */ = {
			isa = PBXGroup;
			children = (
				F9C44BD92A04837600237158 /* Helpers */,
				F9E49B3B2A01BE330052001C /* ExclusiveChatApp.swift */,
				F9C44B9E2A021B5400237158 /* Views */,
				F9E49B5A2A01DE580052001C /* ExclusiveChat.entitlements */,
				F9E49B592A01D5B00052001C /* ViewModels */,
				F9E49B582A01D5520052001C /* Models */,
				F9E49B3F2A01BE350052001C /* Assets.xcassets */,
				F9E49B612A01E25D0052001C /* Info.plist */,
				F9E49B642A01EB6B0052001C /* GoogleService-Info.plist */,
				F9E49B412A01BE350052001C /* Preview Content */,
			);
			path = ExclusiveChat;
			sourceTree = "<group>";
		};
		F9E49B412A01BE350052001C /* Preview Content */ = {
			isa = PBXGroup;
			children = (
				F9E49B422A01BE350052001C /* Preview Assets.xcassets */,
			);
			path = "Preview Content";
			sourceTree = "<group>";
		};
		F9E49B582A01D5520052001C /* Models */ = {
			isa = PBXGroup;
			children = (
				F9E49B562A01D54B0052001C /* UserAuth.swift */,
				F9C44BF22A0AD5C400237158 /* ChatUser.swift */,
			);
			path = Models;
			sourceTree = "<group>";
		};
		F9E49B592A01D5B00052001C /* ViewModels */ = {
			isa = PBXGroup;
			children = (
				F9C44BEE2A0719D700237158 /* MainMessageViewModel.swift */,
				F9E49B622A01E97A0052001C /* LoginViewModel.swift */,
				F9C44BF62A0C4EFF00237158 /* CreateNewMessageViewModel.swift */,
				F997156E2A0E6DAF0058658D /* ChatLogViewModel.swift */,
			);
			path = ViewModels;
			sourceTree = "<group>";
		};
/* End PBXGroup section */

/* Begin PBXNativeTarget section */
		F9E49B372A01BE330052001C /* ExclusiveChat */ = {
			isa = PBXNativeTarget;
			buildConfigurationList = F9E49B462A01BE350052001C /* Build configuration list for PBXNativeTarget "ExclusiveChat" */;
			buildPhases = (
				F9E49B342A01BE330052001C /* Sources */,
				F9E49B352A01BE330052001C /* Frameworks */,
				F9E49B362A01BE330052001C /* Resources */,
			);
			buildRules = (
			);
			dependencies = (
			);
			name = ExclusiveChat;
			packageProductDependencies = (
				F9F7E5472A143A62006C9C73 /* FirebaseAnalytics */,
				F9F7E5492A143A62006C9C73 /* FirebaseAnalyticsWithoutAdIdSupport */,
				F9F7E54B2A143A62006C9C73 /* FirebaseAuth */,
				F9F7E54D2A143A62006C9C73 /* FirebaseFirestore */,
				F9F7E54F2A143A62006C9C73 /* FirebaseFirestoreSwift */,
				F9F7E5512A143A62006C9C73 /* FirebaseStorage */,
			);
			productName = ExclusiveChat;
			productReference = F9E49B382A01BE330052001C /* ExclusiveChat.app */;
			productType = "com.apple.product-type.application";
		};
/* End PBXNativeTarget section */

/* Begin PBXProject section */
		F9E49B302A01BE330052001C /* Project object */ = {
			isa = PBXProject;
			attributes = {
				BuildIndependentTargetsInParallel = 1;
				LastSwiftUpdateCheck = 1420;
				LastUpgradeCheck = 1420;
				TargetAttributes = {
					F9E49B372A01BE330052001C = {
						CreatedOnToolsVersion = 14.2;
					};
				};
			};
			buildConfigurationList = F9E49B332A01BE330052001C /* Build configuration list for PBXProject "ExclusiveChat" */;
			compatibilityVersion = "Xcode 14.0";
			developmentRegion = en;
			hasScannedForEncodings = 0;
			knownRegions = (
				en,
				Base,
			);
			mainGroup = F9E49B2F2A01BE330052001C;
			packageReferences = (
				F9F7E5462A143A62006C9C73 /* XCRemoteSwiftPackageReference "firebase-ios-sdk" */,
			);
			productRefGroup = F9E49B392A01BE330052001C /* Products */;
			projectDirPath = "";
			projectRoot = "";
			targets = (
				F9E49B372A01BE330052001C /* ExclusiveChat */,
			);
		};
/* End PBXProject section */

/* Begin PBXResourcesBuildPhase section */
		F9E49B362A01BE330052001C /* Resources */ = {
			isa = PBXResourcesBuildPhase;
			buildActionMask = 2147483647;
			files = (
				F9E49B432A01BE350052001C /* Preview Assets.xcassets in Resources */,
				F9E49B402A01BE350052001C /* Assets.xcassets in Resources */,
				F9E49B652A01EB6B0052001C /* GoogleService-Info.plist in Resources */,
			);
			runOnlyForDeploymentPostprocessing = 0;
		};
/* End PBXResourcesBuildPhase section */

/* Begin PBXSourcesBuildPhase section */
		F9E49B342A01BE330052001C /* Sources */ = {
			isa = PBXSourcesBuildPhase;
			buildActionMask = 2147483647;
			files = (
				F9C44BF32A0AD5C400237158 /* ChatUser.swift in Sources */,
				F9E49B632A01E97A0052001C /* LoginViewModel.swift in Sources */,
				F9E49B3E2A01BE330052001C /* LoginView.swift in Sources */,
				F9C44BF72A0C4EFF00237158 /* CreateNewMessageViewModel.swift in Sources */,
				F9C44BF52A0C447E00237158 /* CreateNewMessageView.swift in Sources */,
				F99715692A0E68580058658D /* MessagesView.swift in Sources */,
				F9C44BA02A021BA400237158 /* DashboardView.swift in Sources */,
				F997156B2A0E68B80058658D /* ChatBottomBarView.swift in Sources */,
				F9C44BD82A04836600237158 /* ImagePicker.swift in Sources */,
				F9C44BED2A05B11700237158 /* MainMessagesView.swift in Sources */,
				F9C44BDB2A0541BD00237158 /* FirebaseManager.swift in Sources */,
				F9E49B3C2A01BE330052001C /* ExclusiveChatApp.swift in Sources */,
				F997156F2A0E6DAF0058658D /* ChatLogViewModel.swift in Sources */,
				F9C44BEF2A0719D700237158 /* MainMessageViewModel.swift in Sources */,
				F99715672A0DB0500058658D /* ChatLogView.swift in Sources */,
				F9E49B572A01D54B0052001C /* UserAuth.swift in Sources */,
				F9C44BA22A021C8700237158 /* ScreenDispatcherView.swift in Sources */,
			);
			runOnlyForDeploymentPostprocessing = 0;
		};
/* End PBXSourcesBuildPhase section */

/* Begin XCBuildConfiguration section */
		F9E49B442A01BE350052001C /* Debug */ = {
			isa = XCBuildConfiguration;
			buildSettings = {
				ALWAYS_SEARCH_USER_PATHS = NO;
				CLANG_ANALYZER_NONNULL = YES;
				CLANG_ANALYZER_NUMBER_OBJECT_CONVERSION = YES_AGGRESSIVE;
				CLANG_CXX_LANGUAGE_STANDARD = "gnu++20";
				CLANG_ENABLE_MODULES = YES;
				CLANG_ENABLE_OBJC_ARC = YES;
				CLANG_ENABLE_OBJC_WEAK = YES;
				CLANG_WARN_BLOCK_CAPTURE_AUTORELEASING = YES;
				CLANG_WARN_BOOL_CONVERSION = YES;
				CLANG_WARN_COMMA = YES;
				CLANG_WARN_CONSTANT_CONVERSION = YES;
				CLANG_WARN_DEPRECATED_OBJC_IMPLEMENTATIONS = YES;
				CLANG_WARN_DIRECT_OBJC_ISA_USAGE = YES_ERROR;
				CLANG_WARN_DOCUMENTATION_COMMENTS = YES;
				CLANG_WARN_EMPTY_BODY = YES;
				CLANG_WARN_ENUM_CONVERSION = YES;
				CLANG_WARN_INFINITE_RECURSION = YES;
				CLANG_WARN_INT_CONVERSION = YES;
				CLANG_WARN_NON_LITERAL_NULL_CONVERSION = YES;
				CLANG_WARN_OBJC_IMPLICIT_RETAIN_SELF = YES;
				CLANG_WARN_OBJC_LITERAL_CONVERSION = YES;
				CLANG_WARN_OBJC_ROOT_CLASS = YES_ERROR;
				CLANG_WARN_QUOTED_INCLUDE_IN_FRAMEWORK_HEADER = YES;
				CLANG_WARN_RANGE_LOOP_ANALYSIS = YES;
				CLANG_WARN_STRICT_PROTOTYPES = YES;
				CLANG_WARN_SUSPICIOUS_MOVE = YES;
				CLANG_WARN_UNGUARDED_AVAILABILITY = YES_AGGRESSIVE;
				CLANG_WARN_UNREACHABLE_CODE = YES;
				CLANG_WARN__DUPLICATE_METHOD_MATCH = YES;
				COPY_PHASE_STRIP = NO;
				DEBUG_INFORMATION_FORMAT = dwarf;
				ENABLE_STRICT_OBJC_MSGSEND = YES;
				ENABLE_TESTABILITY = YES;
				GCC_C_LANGUAGE_STANDARD = gnu11;
				GCC_DYNAMIC_NO_PIC = NO;
				GCC_NO_COMMON_BLOCKS = YES;
				GCC_OPTIMIZATION_LEVEL = 0;
				GCC_PREPROCESSOR_DEFINITIONS = (
					"DEBUG=1",
					"$(inherited)",
				);
				GCC_WARN_64_TO_32_BIT_CONVERSION = YES;
				GCC_WARN_ABOUT_RETURN_TYPE = YES_ERROR;
				GCC_WARN_UNDECLARED_SELECTOR = YES;
				GCC_WARN_UNINITIALIZED_AUTOS = YES_AGGRESSIVE;
				GCC_WARN_UNUSED_FUNCTION = YES;
				GCC_WARN_UNUSED_VARIABLE = YES;
				IPHONEOS_DEPLOYMENT_TARGET = 16.0;
				MTL_ENABLE_DEBUG_INFO = INCLUDE_SOURCE;
				MTL_FAST_MATH = YES;
				ONLY_ACTIVE_ARCH = YES;
				SDKROOT = iphoneos;
				SWIFT_ACTIVE_COMPILATION_CONDITIONS = DEBUG;
				SWIFT_OPTIMIZATION_LEVEL = "-Onone";
			};
			name = Debug;
		};
		F9E49B452A01BE350052001C /* Release */ = {
			isa = XCBuildConfiguration;
			buildSettings = {
				ALWAYS_SEARCH_USER_PATHS = NO;
				CLANG_ANALYZER_NONNULL = YES;
				CLANG_ANALYZER_NUMBER_OBJECT_CONVERSION = YES_AGGRESSIVE;
				CLANG_CXX_LANGUAGE_STANDARD = "gnu++20";
				CLANG_ENABLE_MODULES = YES;
				CLANG_ENABLE_OBJC_ARC = YES;
				CLANG_ENABLE_OBJC_WEAK = YES;
				CLANG_WARN_BLOCK_CAPTURE_AUTORELEASING = YES;
				CLANG_WARN_BOOL_CONVERSION = YES;
				CLANG_WARN_COMMA = YES;
				CLANG_WARN_CONSTANT_CONVERSION = YES;
				CLANG_WARN_DEPRECATED_OBJC_IMPLEMENTATIONS = YES;
				CLANG_WARN_DIRECT_OBJC_ISA_USAGE = YES_ERROR;
				CLANG_WARN_DOCUMENTATION_COMMENTS = YES;
				CLANG_WARN_EMPTY_BODY = YES;
				CLANG_WARN_ENUM_CONVERSION = YES;
				CLANG_WARN_INFINITE_RECURSION = YES;
				CLANG_WARN_INT_CONVERSION = YES;
				CLANG_WARN_NON_LITERAL_NULL_CONVERSION = YES;
				CLANG_WARN_OBJC_IMPLICIT_RETAIN_SELF = YES;
				CLANG_WARN_OBJC_LITERAL_CONVERSION = YES;
				CLANG_WARN_OBJC_ROOT_CLASS = YES_ERROR;
				CLANG_WARN_QUOTED_INCLUDE_IN_FRAMEWORK_HEADER = YES;
				CLANG_WARN_RANGE_LOOP_ANALYSIS = YES;
				CLANG_WARN_STRICT_PROTOTYPES = YES;
				CLANG_WARN_SUSPICIOUS_MOVE = YES;
				CLANG_WARN_UNGUARDED_AVAILABILITY = YES_AGGRESSIVE;
				CLANG_WARN_UNREACHABLE_CODE = YES;
				CLANG_WARN__DUPLICATE_METHOD_MATCH = YES;
				COPY_PHASE_STRIP = NO;
				DEBUG_INFORMATION_FORMAT = "dwarf-with-dsym";
				ENABLE_NS_ASSERTIONS = NO;
				ENABLE_STRICT_OBJC_MSGSEND = YES;
				GCC_C_LANGUAGE_STANDARD = gnu11;
				GCC_NO_COMMON_BLOCKS = YES;
				GCC_WARN_64_TO_32_BIT_CONVERSION = YES;
				GCC_WARN_ABOUT_RETURN_TYPE = YES_ERROR;
				GCC_WARN_UNDECLARED_SELECTOR = YES;
				GCC_WARN_UNINITIALIZED_AUTOS = YES_AGGRESSIVE;
				GCC_WARN_UNUSED_FUNCTION = YES;
				GCC_WARN_UNUSED_VARIABLE = YES;
				IPHONEOS_DEPLOYMENT_TARGET = 16.0;
				MTL_ENABLE_DEBUG_INFO = NO;
				MTL_FAST_MATH = YES;
				SDKROOT = iphoneos;
				SWIFT_COMPILATION_MODE = wholemodule;
				SWIFT_OPTIMIZATION_LEVEL = "-O";
				VALIDATE_PRODUCT = YES;
			};
			name = Release;
		};
		F9E49B472A01BE350052001C /* Debug */ = {
			isa = XCBuildConfiguration;
			buildSettings = {
				ASSETCATALOG_COMPILER_APPICON_NAME = AppIcon;
				ASSETCATALOG_COMPILER_GLOBAL_ACCENT_COLOR_NAME = AccentColor;
				CODE_SIGN_ENTITLEMENTS = ExclusiveChat/ExclusiveChat.entitlements;
				CODE_SIGN_STYLE = Automatic;
				CURRENT_PROJECT_VERSION = 1;
				DEVELOPMENT_ASSET_PATHS = "\"ExclusiveChat/Preview Content\"";
				DEVELOPMENT_TEAM = 4D9A6P6X9K;
				ENABLE_PREVIEWS = YES;
				GENERATE_INFOPLIST_FILE = YES;
				INFOPLIST_FILE = ExclusiveChat/Info.plist;
				INFOPLIST_KEY_LSApplicationCategoryType = "";
				INFOPLIST_KEY_UIApplicationSupportsIndirectInputEvents = YES;
				INFOPLIST_KEY_UILaunchScreen_Generation = YES;
				INFOPLIST_KEY_UISupportedInterfaceOrientations_iPad = "UIInterfaceOrientationPortrait UIInterfaceOrientationPortraitUpsideDown UIInterfaceOrientationLandscapeLeft UIInterfaceOrientationLandscapeRight";
				INFOPLIST_KEY_UISupportedInterfaceOrientations_iPhone = "UIInterfaceOrientationPortrait UIInterfaceOrientationLandscapeLeft UIInterfaceOrientationLandscapeRight";
				LD_RUNPATH_SEARCH_PATHS = (
					"$(inherited)",
					"@executable_path/Frameworks",
				);
				MARKETING_VERSION = 1.0;
				PRODUCT_BUNDLE_IDENTIFIER = aVVinakheras.ExclusiveChat;
				PRODUCT_NAME = "$(TARGET_NAME)";
				SWIFT_EMIT_LOC_STRINGS = YES;
				SWIFT_VERSION = 5.0;
				TARGETED_DEVICE_FAMILY = "1,2";
			};
			name = Debug;
		};
		F9E49B482A01BE350052001C /* Release */ = {
			isa = XCBuildConfiguration;
			buildSettings = {
				ASSETCATALOG_COMPILER_APPICON_NAME = AppIcon;
				ASSETCATALOG_COMPILER_GLOBAL_ACCENT_COLOR_NAME = AccentColor;
				CODE_SIGN_ENTITLEMENTS = ExclusiveChat/ExclusiveChat.entitlements;
				CODE_SIGN_STYLE = Automatic;
				CURRENT_PROJECT_VERSION = 1;
				DEVELOPMENT_ASSET_PATHS = "\"ExclusiveChat/Preview Content\"";
				DEVELOPMENT_TEAM = 4D9A6P6X9K;
				ENABLE_PREVIEWS = YES;
				GENERATE_INFOPLIST_FILE = YES;
				INFOPLIST_FILE = ExclusiveChat/Info.plist;
				INFOPLIST_KEY_LSApplicationCategoryType = "";
				INFOPLIST_KEY_UIApplicationSupportsIndirectInputEvents = YES;
				INFOPLIST_KEY_UILaunchScreen_Generation = YES;
				INFOPLIST_KEY_UISupportedInterfaceOrientations_iPad = "UIInterfaceOrientationPortrait UIInterfaceOrientationPortraitUpsideDown UIInterfaceOrientationLandscapeLeft UIInterfaceOrientationLandscapeRight";
				INFOPLIST_KEY_UISupportedInterfaceOrientations_iPhone = "UIInterfaceOrientationPortrait UIInterfaceOrientationLandscapeLeft UIInterfaceOrientationLandscapeRight";
				LD_RUNPATH_SEARCH_PATHS = (
					"$(inherited)",
					"@executable_path/Frameworks",
				);
				MARKETING_VERSION = 1.0;
				PRODUCT_BUNDLE_IDENTIFIER = aVVinakheras.ExclusiveChat;
				PRODUCT_NAME = "$(TARGET_NAME)";
				SWIFT_EMIT_LOC_STRINGS = YES;
				SWIFT_VERSION = 5.0;
				TARGETED_DEVICE_FAMILY = "1,2";
			};
			name = Release;
		};
/* End XCBuildConfiguration section */

/* Begin XCConfigurationList section */
		F9E49B332A01BE330052001C /* Build configuration list for PBXProject "ExclusiveChat" */ = {
			isa = XCConfigurationList;
			buildConfigurations = (
				F9E49B442A01BE350052001C /* Debug */,
				F9E49B452A01BE350052001C /* Release */,
			);
			defaultConfigurationIsVisible = 0;
			defaultConfigurationName = Release;
		};
		F9E49B462A01BE350052001C /* Build configuration list for PBXNativeTarget "ExclusiveChat" */ = {
			isa = XCConfigurationList;
			buildConfigurations = (
				F9E49B472A01BE350052001C /* Debug */,
				F9E49B482A01BE350052001C /* Release */,
			);
			defaultConfigurationIsVisible = 0;
			defaultConfigurationName = Release;
		};
/* End XCConfigurationList section */

/* Begin XCRemoteSwiftPackageReference section */
		F9F7E5462A143A62006C9C73 /* XCRemoteSwiftPackageReference "firebase-ios-sdk" */ = {
			isa = XCRemoteSwiftPackageReference;
			repositoryURL = "https://github.com/firebase/firebase-ios-sdk.git";
			requirement = {
				kind = upToNextMajorVersion;
				minimumVersion = 10.0.0;
			};
		};
/* End XCRemoteSwiftPackageReference section */

/* Begin XCSwiftPackageProductDependency section */
		F9F7E5472A143A62006C9C73 /* FirebaseAnalytics */ = {
			isa = XCSwiftPackageProductDependency;
			package = F9F7E5462A143A62006C9C73 /* XCRemoteSwiftPackageReference "firebase-ios-sdk" */;
			productName = FirebaseAnalytics;
		};
		F9F7E5492A143A62006C9C73 /* FirebaseAnalyticsWithoutAdIdSupport */ = {
			isa = XCSwiftPackageProductDependency;
			package = F9F7E5462A143A62006C9C73 /* XCRemoteSwiftPackageReference "firebase-ios-sdk" */;
			productName = FirebaseAnalyticsWithoutAdIdSupport;
		};
		F9F7E54B2A143A62006C9C73 /* FirebaseAuth */ = {
			isa = XCSwiftPackageProductDependency;
			package = F9F7E5462A143A62006C9C73 /* XCRemoteSwiftPackageReference "firebase-ios-sdk" */;
			productName = FirebaseAuth;
		};
		F9F7E54D2A143A62006C9C73 /* FirebaseFirestore */ = {
			isa = XCSwiftPackageProductDependency;
			package = F9F7E5462A143A62006C9C73 /* XCRemoteSwiftPackageReference "firebase-ios-sdk" */;
			productName = FirebaseFirestore;
		};
		F9F7E54F2A143A62006C9C73 /* FirebaseFirestoreSwift */ = {
			isa = XCSwiftPackageProductDependency;
			package = F9F7E5462A143A62006C9C73 /* XCRemoteSwiftPackageReference "firebase-ios-sdk" */;
			productName = FirebaseFirestoreSwift;
		};
		F9F7E5512A143A62006C9C73 /* FirebaseStorage */ = {
			isa = XCSwiftPackageProductDependency;
			package = F9F7E5462A143A62006C9C73 /* XCRemoteSwiftPackageReference "firebase-ios-sdk" */;
			productName = FirebaseStorage;
		};
/* End XCSwiftPackageProductDependency section */
	};
	rootObject = F9E49B302A01BE330052001C /* Project object */;
}
